<?xml version="1.0" encoding="utf-8"?>
<Project ToolsVersion="4.0" xmlns="http://schemas.microsoft.com/developer/msbuild/2003">
  <ItemGroup>
    <Filter Include="Source Files">
      <UniqueIdentifier>{4FC737F1-C7A5-4376-A066-2A32D752A2FF}</UniqueIdentifier>
      <Extensions>cpp;c;cc;cxx;def;odl;idl;hpj;bat;asm;asmx</Extensions>
    </Filter>
    <Filter Include="Header Files">
      <UniqueIdentifier>{93995380-89BD-4b04-88EB-625FBE52EBFB}</UniqueIdentifier>
      <Extensions>h;hh;hpp;hxx;hm;inl;inc;ipp;xsd</Extensions>
    </Filter>
    <Filter Include="Resource Files">
      <UniqueIdentifier>{67DA6AB6-F800-4c08-8B7A-83BB121AAD01}</UniqueIdentifier>
      <Extensions>rc;ico;cur;bmp;dlg;rc2;rct;bin;rgs;gif;jpg;jpeg;jpe;resx;tiff;tif;png;wav;mfcribbon-ms</Extensions>
    </Filter>
    <Filter Include="Source Files\Shaders">
      <UniqueIdentifier>{5ed0e6f8-b761-4ce3-bcfe-8f9f8e5424b8}</UniqueIdentifier>
    </Filter>
  </ItemGroup>
  <ItemGroup>
    <ClCompile Include="..\app\src\main\cpp\common_utils.cpp">
      <Filter>Source Files</Filter>
    </ClCompile>
    <ClCompile Include="..\app\src\main\cpp\imgwarp_mls.cpp">
      <Filter>Source Files</Filter>
    </ClCompile>
    <ClCompile Include="..\app\src\main\cpp\imgwarp_mls_rigid.cpp">
      <Filter>Source Files</Filter>
    </ClCompile>
    <ClCompile Include="..\app\src\main\cpp\imgwarp_mls_similarity.cpp">
      <Filter>Source Files</Filter>
    </ClCompile>
    <ClCompile Include="..\app\src\main\cpp\imgwarp_piecewiseaffine.cpp">
      <Filter>Source Files</Filter>
    </ClCompile>
    <ClCompile Include="main.cpp">
      <Filter>Source Files</Filter>
    </ClCompile>
    <ClCompile Include="..\dlib-19.21\dlib\all\source.cpp">
      <Filter>Source Files</Filter>
    </ClCompile>
    <ClCompile Include="..\app\src\main\cpp\facemark_detector.cpp">
      <Filter>Source Files</Filter>
    </ClCompile>
    <ClCompile Include="..\app\src\main\cpp\dlib_detector.cpp">
      <Filter>Source Files</Filter>
    </ClCompile>
    <ClCompile Include="..\app\src\main\cpp\style_transfer.cpp">
      <Filter>Source Files</Filter>
    </ClCompile>
    <ClCompile Include="..\app\src\main\opengl\opengl_main.cpp">
      <Filter>Source Files</Filter>
    </ClCompile>
    <ClCompile Include="..\app\src\main\opengl\shader.cpp">
      <Filter>Source Files</Filter>
    </ClCompile>
  </ItemGroup>
  <ItemGroup>
    <ClInclude Include="..\app\src\main\cpp\common_utils.h">
      <Filter>Header Files</Filter>
    </ClInclude>
    <ClInclude Include="..\app\src\main\cpp\imgwarp_mls.h">
      <Filter>Header Files</Filter>
    </ClInclude>
    <ClInclude Include="..\app\src\main\cpp\imgwarp_mls_rigid.h">
      <Filter>Header Files</Filter>
    </ClInclude>
    <ClInclude Include="..\app\src\main\cpp\imgwarp_mls_similarity.h">
      <Filter>Header Files</Filter>
    </ClInclude>
    <ClInclude Include="..\app\src\main\cpp\imgwarp_piecewiseaffine.h">
      <Filter>Header Files</Filter>
    </ClInclude>
    <ClInclude Include="..\app\src\main\cpp\style_cache.h">
      <Filter>Header Files</Filter>
    </ClInclude>
    <ClInclude Include="..\app\src\main\cpp\time_helper.h">
      <Filter>Header Files</Filter>
    </ClInclude>
    <ClInclude Include="..\app\src\main\cpp\window_helper.h">
      <Filter>Header Files</Filter>
    </ClInclude>
    <ClInclude Include="..\app\src\main\cpp\facemark_detector.h">
      <Filter>Header Files</Filter>
    </ClInclude>
    <ClInclude Include="..\app\src\main\cpp\dlib_detector.h">
      <Filter>Header Files</Filter>
    </ClInclude>
    <ClInclude Include="..\app\src\main\cpp\style_transfer.h">
      <Filter>Header Files</Filter>
    </ClInclude>
    <ClInclude Include="..\app\src\main\cpp\cartesian_coordinate_system_helper.h">
      <Filter>Header Files</Filter>
    </ClInclude>
    <ClInclude Include="..\app\src\main\opengl\opengl_main.hpp">
      <Filter>Header Files</Filter>
    </ClInclude>
    <ClInclude Include="..\app\src\main\opengl\shader.hpp">
      <Filter>Header Files</Filter>
    </ClInclude>
  </ItemGroup>
  <ItemGroup>
    <None Include="..\app\src\main\opengl\shader\pass_tex.frag">
      <Filter>Source Files\Shaders</Filter>
    </None>
    <None Include="..\app\src\main\opengl\shader\pass_tex.vert">
      <Filter>Source Files\Shaders</Filter>
    </None>
    <None Include="..\app\src\main\opengl\shader\styleblit_main.frag">
      <Filter>Source Files\Shaders</Filter>
    </None>
    <None Include="..\app\src\main\opengl\shader\styleblit_blend.frag">
      <Filter>Source Files\Shaders</Filter>
    </None>
    <None Include="..\app\src\main\opengl\shader\pass_yellow.frag">
      <Filter>Source Files\Shaders</Filter>
    </None>
    <None Include="..\app\src\main\opengl\shader\pass_tex_coords.vert">
      <Filter>Source Files\Shaders</Filter>
    </None>
  </ItemGroup>
</Project>